
Microsoft Visual Studio Solution File, Format Version 12.00
# Visual Studio Version 17
VisualStudioVersion = 17.4.33213.308
MinimumVisualStudioVersion = 10.0.40219.1
Project("{FAE04EC0-301F-11D3-BF4B-00C04F79EFBC}") = "Aula4", "Aula4\Aula4.csproj", "{5A60FCA3-0225-4E73-97CD-FF2916673D13}"
EndProject
Global
	GlobalSection(SolutionConfigurationPlatforms) = preSolution
		Debug|Any CPU = Debug|Any CPU
		Release|Any CPU = Release|Any CPU
	EndGlobalSection
	GlobalSection(ProjectConfigurationPlatforms) = postSolution
		{5A60FCA3-0225-4E73-97CD-FF2916673D13}.Debug|Any CPU.ActiveCfg = Debug|Any CPU
		{5A60FCA3-0225-4E73-97CD-FF2916673D13}.Debug|Any CPU.Build.0 = Debug|Any CPU
		{5A60FCA3-0225-4E73-97CD-FF2916673D13}.Release|Any CPU.ActiveCfg = Release|Any CPU
		{5A60FCA3-0225-4E73-97CD-FF2916673D13}.Release|Any CPU.Build.0 = Release|Any CPU
	EndGlobalSection
	GlobalSection(SolutionProperties) = preSolution
		HideSolutionNode = FALSE
	EndGlobalSection
	GlobalSection(ExtensibilityGlobals) = postSolution
		SolutionGuid = {98D51A4B-6F3B-4E33-AADF-FA51C8176664}
	EndGlobalSection
EndGlobal
